{
  "name": "tiger-assert",
  "version": "0.0.1",
  "lockfileVersion": 3,
  "requires": true,
  "packages": {
    "": {
      "name": "tiger-assert",
      "version": "0.0.1",
      "license": "MIT",
      "dependencies": {
        "yamlify-object": "^2.0.0"
      }
    },
    "node_modules/yamlify-object": {
      "version": "2.0.0",
      "resolved": "https://registry.npmjs.org/yamlify-object/-/yamlify-object-2.0.0.tgz",
      "integrity": "sha512-WnhjNQwd866/MR9nj50cSfHfWIs37ovgYwntti7FGLBSI4D1ICajBvSC3VLsYHD5JizUppg3JuhbA3aiNUHyKQ==",
      "license": "MIT",
      "engines": {
        "node": ">=4.0.0"
      }
    }
  }
}
